Microsoft Visual Studio Solution File, Format Version 11.00
# Visual Studio 2010
Project("{2FC31508-2953-41E7-BF81-419543E7AE21}") = "drum-machine", ".dub/drum-machine.visualdproj", "{32DE2FA8-027F-4F0F-8284-26CF3863557B}"
	ProjectSection(ProjectDependencies) = postProject
		{37E2D9C1-43E6-4BA2-9D22-00498BD54B22} = {37E2D9C1-43E6-4BA2-9D22-00498BD54B22}
		{9283761F-3D09-4626-A8D8-DAD82D1331B1} = {9283761F-3D09-4626-A8D8-DAD82D1331B1}
		{EFE559A0-FCDE-4212-B1D2-96BE2F3F3CCB} = {EFE559A0-FCDE-4212-B1D2-96BE2F3F3CCB}
		{E323E41C-B18F-4BF9-A5CF-C94F0E939604} = {E323E41C-B18F-4BF9-A5CF-C94F0E939604}
		{2100A782-61C7-408D-80B0-AE0AF626DE8B} = {2100A782-61C7-408D-80B0-AE0AF626DE8B}
		{D19A07B7-CA89-4B23-844F-3F1B8A61F62D} = {D19A07B7-CA89-4B23-844F-3F1B8A61F62D}
		{4332E828-B974-43E5-8D6D-90A0D23E148C} = {4332E828-B974-43E5-8D6D-90A0D23E148C}
		{B099455A-915D-44B9-B50A-6900D9220FEA} = {B099455A-915D-44B9-B50A-6900D9220FEA}
		{47E7EB8D-22D9-455B-BD34-962648A57922} = {47E7EB8D-22D9-455B-BD34-962648A57922}
		{B501D4E7-2FD4-46D6-BCE4-37495274C709} = {B501D4E7-2FD4-46D6-BCE4-37495274C709}
		{B501D4E7-2FD4-46D6-BCE4-37495274C709} = {B501D4E7-2FD4-46D6-BCE4-37495274C709}
		{B501D4E7-2FD4-46D6-BCE4-37495274C709} = {B501D4E7-2FD4-46D6-BCE4-37495274C709}
		{B8B76C5C-811F-42E6-AE23-2F934266774B} = {B8B76C5C-811F-42E6-AE23-2F934266774B}
	EndProjectSection
EndProject
Project("{2FC31508-2953-41E7-BF81-419543E7AE21}") = "game-mixer", ".dub/game-mixer.visualdproj", "{37E2D9C1-43E6-4BA2-9D22-00498BD54B22}"
EndProject
Project("{2FC31508-2953-41E7-BF81-419543E7AE21}") = "audio-formats", ".dub/audio-formats.visualdproj", "{9283761F-3D09-4626-A8D8-DAD82D1331B1}"
EndProject
Project("{2FC31508-2953-41E7-BF81-419543E7AE21}") = "dplug:core", ".dub/dplug_core.visualdproj", "{47E7EB8D-22D9-455B-BD34-962648A57922}"
EndProject
Project("{2FC31508-2953-41E7-BF81-419543E7AE21}") = "intel-intrinsics", ".dub/intel-intrinsics.visualdproj", "{B8B76C5C-811F-42E6-AE23-2F934266774B}"
EndProject
Project("{2FC31508-2953-41E7-BF81-419543E7AE21}") = "libsoundio-d", ".dub/libsoundio-d.visualdproj", "{EFE559A0-FCDE-4212-B1D2-96BE2F3F3CCB}"
EndProject
Project("{2FC31508-2953-41E7-BF81-419543E7AE21}") = "turtle", ".dub/turtle.visualdproj", "{E323E41C-B18F-4BF9-A5CF-C94F0E939604}"
EndProject
Project("{2FC31508-2953-41E7-BF81-419543E7AE21}") = "bindbc-sdl", ".dub/bindbc-sdl.visualdproj", "{2100A782-61C7-408D-80B0-AE0AF626DE8B}"
EndProject
Project("{2FC31508-2953-41E7-BF81-419543E7AE21}") = "bindbc-loader", ".dub/bindbc-loader.visualdproj", "{D19A07B7-CA89-4B23-844F-3F1B8A61F62D}"
EndProject
Project("{2FC31508-2953-41E7-BF81-419543E7AE21}") = "dplug:canvas", ".dub/dplug_canvas.visualdproj", "{4332E828-B974-43E5-8D6D-90A0D23E148C}"
EndProject
Project("{2FC31508-2953-41E7-BF81-419543E7AE21}") = "dplug:graphics", ".dub/dplug_graphics.visualdproj", "{B099455A-915D-44B9-B50A-6900D9220FEA}"
EndProject
Project("{2FC31508-2953-41E7-BF81-419543E7AE21}") = "dplug:math", ".dub/dplug_math.visualdproj", "{B501D4E7-2FD4-46D6-BCE4-37495274C709}"
EndProject
Global
	GlobalSection(SolutionConfigurationPlatforms) = preSolution
		debug|x64 = debug|x64
	EndGlobalSection
	GlobalSection(ProjectConfigurationPlatforms) = postSolution
		{37E2D9C1-43E6-4BA2-9D22-00498BD54B22}.debug|x64.ActiveCfg = debug|x64
		{37E2D9C1-43E6-4BA2-9D22-00498BD54B22}.debug|x64.Build.0 = debug|x64
		{4332E828-B974-43E5-8D6D-90A0D23E148C}.debug|x64.ActiveCfg = debug|x64
		{4332E828-B974-43E5-8D6D-90A0D23E148C}.debug|x64.Build.0 = debug|x64
		{B501D4E7-2FD4-46D6-BCE4-37495274C709}.debug|x64.ActiveCfg = debug|x64
		{B501D4E7-2FD4-46D6-BCE4-37495274C709}.debug|x64.Build.0 = debug|x64
		{32DE2FA8-027F-4F0F-8284-26CF3863557B}.debug|x64.ActiveCfg = debug|x64
		{32DE2FA8-027F-4F0F-8284-26CF3863557B}.debug|x64.Build.0 = debug|x64
		{47E7EB8D-22D9-455B-BD34-962648A57922}.debug|x64.ActiveCfg = debug|x64
		{47E7EB8D-22D9-455B-BD34-962648A57922}.debug|x64.Build.0 = debug|x64
		{9283761F-3D09-4626-A8D8-DAD82D1331B1}.debug|x64.ActiveCfg = debug|x64
		{9283761F-3D09-4626-A8D8-DAD82D1331B1}.debug|x64.Build.0 = debug|x64
		{2100A782-61C7-408D-80B0-AE0AF626DE8B}.debug|x64.ActiveCfg = debug|x64
		{2100A782-61C7-408D-80B0-AE0AF626DE8B}.debug|x64.Build.0 = debug|x64
		{E323E41C-B18F-4BF9-A5CF-C94F0E939604}.debug|x64.ActiveCfg = debug|x64
		{E323E41C-B18F-4BF9-A5CF-C94F0E939604}.debug|x64.Build.0 = debug|x64
		{B099455A-915D-44B9-B50A-6900D9220FEA}.debug|x64.ActiveCfg = debug|x64
		{B099455A-915D-44B9-B50A-6900D9220FEA}.debug|x64.Build.0 = debug|x64
		{B8B76C5C-811F-42E6-AE23-2F934266774B}.debug|x64.ActiveCfg = debug|x64
		{B8B76C5C-811F-42E6-AE23-2F934266774B}.debug|x64.Build.0 = debug|x64
		{D19A07B7-CA89-4B23-844F-3F1B8A61F62D}.debug|x64.ActiveCfg = debug|x64
		{D19A07B7-CA89-4B23-844F-3F1B8A61F62D}.debug|x64.Build.0 = debug|x64
		{EFE559A0-FCDE-4212-B1D2-96BE2F3F3CCB}.debug|x64.ActiveCfg = debug|x64
		{EFE559A0-FCDE-4212-B1D2-96BE2F3F3CCB}.debug|x64.Build.0 = debug|x64
	EndGlobalSection
	GlobalSection(SolutionProperties) = preSolution
		HideSolutionNode = FALSE
	EndGlobalSection
EndGlobal
