Microsoft Visual Studio Solution File, Format Version 11.00
# Visual Studio 2010
Project("{F58CE3BE-C756-4E48-8CE6-CCE6A880F7C5}") = "playback", ".dub/playback.visualdproj", "{DF77D44B-B153-46BD-9600-A0080A11E1A0}"
	ProjectSection(ProjectDependencies) = postProject
		{CAB4842A-D620-47CB-B103-21ACB90AD3E4} = {CAB4842A-D620-47CB-B103-21ACB90AD3E4}
		{A28BE60C-0899-4B2B-A813-FB40AF802047} = {A28BE60C-0899-4B2B-A813-FB40AF802047}
		{7F7AB93F-A42F-47CC-9EC1-91C54F3DF952} = {7F7AB93F-A42F-47CC-9EC1-91C54F3DF952}
		{7F7AB93F-A42F-47CC-9EC1-91C54F3DF952} = {7F7AB93F-A42F-47CC-9EC1-91C54F3DF952}
		{653A8B8F-A482-4C61-96E0-D9CB0034ED73} = {653A8B8F-A482-4C61-96E0-D9CB0034ED73}
		{23EF330F-9165-44AD-9A15-77F06899096D} = {23EF330F-9165-44AD-9A15-77F06899096D}
	EndProjectSection
EndProject
Project("{F58CE3BE-C756-4E48-8CE6-CCE6A880F7C5}") = "game-mixer", ".dub/game-mixer.visualdproj", "{CAB4842A-D620-47CB-B103-21ACB90AD3E4}"
EndProject
Project("{F58CE3BE-C756-4E48-8CE6-CCE6A880F7C5}") = "audio-formats", ".dub/audio-formats.visualdproj", "{A28BE60C-0899-4B2B-A813-FB40AF802047}"
EndProject
Project("{F58CE3BE-C756-4E48-8CE6-CCE6A880F7C5}") = "dplug:core", ".dub/dplug_core.visualdproj", "{7F7AB93F-A42F-47CC-9EC1-91C54F3DF952}"
EndProject
Project("{F58CE3BE-C756-4E48-8CE6-CCE6A880F7C5}") = "intel-intrinsics", ".dub/intel-intrinsics.visualdproj", "{653A8B8F-A482-4C61-96E0-D9CB0034ED73}"
EndProject
Project("{F58CE3BE-C756-4E48-8CE6-CCE6A880F7C5}") = "libsoundio-d", ".dub/libsoundio-d.visualdproj", "{23EF330F-9165-44AD-9A15-77F06899096D}"
EndProject
Global
	GlobalSection(SolutionConfigurationPlatforms) = preSolution
		debug|x64 = debug|x64
	EndGlobalSection
	GlobalSection(ProjectConfigurationPlatforms) = postSolution
		{CAB4842A-D620-47CB-B103-21ACB90AD3E4}.debug|x64.ActiveCfg = debug|x64
		{CAB4842A-D620-47CB-B103-21ACB90AD3E4}.debug|x64.Build.0 = debug|x64
		{A28BE60C-0899-4B2B-A813-FB40AF802047}.debug|x64.ActiveCfg = debug|x64
		{A28BE60C-0899-4B2B-A813-FB40AF802047}.debug|x64.Build.0 = debug|x64
		{653A8B8F-A482-4C61-96E0-D9CB0034ED73}.debug|x64.ActiveCfg = debug|x64
		{653A8B8F-A482-4C61-96E0-D9CB0034ED73}.debug|x64.Build.0 = debug|x64
		{7F7AB93F-A42F-47CC-9EC1-91C54F3DF952}.debug|x64.ActiveCfg = debug|x64
		{7F7AB93F-A42F-47CC-9EC1-91C54F3DF952}.debug|x64.Build.0 = debug|x64
		{23EF330F-9165-44AD-9A15-77F06899096D}.debug|x64.ActiveCfg = debug|x64
		{23EF330F-9165-44AD-9A15-77F06899096D}.debug|x64.Build.0 = debug|x64
		{DF77D44B-B153-46BD-9600-A0080A11E1A0}.debug|x64.ActiveCfg = debug|x64
		{DF77D44B-B153-46BD-9600-A0080A11E1A0}.debug|x64.Build.0 = debug|x64
	EndGlobalSection
	GlobalSection(SolutionProperties) = preSolution
		HideSolutionNode = FALSE
	EndGlobalSection
EndGlobal
