Microsoft Visual Studio Solution File, Format Version 11.00
# Visual Studio 2010
Project("{A1B91736-6D38-4FDA-8D53-0CEA494CFB44}") = "music-playback", ".dub/music-playback.visualdproj", "{A4F87FA0-C72F-4505-B653-17AB9CDFCE3D}"
	ProjectSection(ProjectDependencies) = postProject
		{B76012EE-21EC-4D6A-BAB2-7ACA53EAD446} = {B76012EE-21EC-4D6A-BAB2-7ACA53EAD446}
		{0CB6863E-8F21-474C-B528-72CCF1563638} = {0CB6863E-8F21-474C-B528-72CCF1563638}
		{6FDEB6AD-0ADA-4A39-987C-102032162357} = {6FDEB6AD-0ADA-4A39-987C-102032162357}
		{6FDEB6AD-0ADA-4A39-987C-102032162357} = {6FDEB6AD-0ADA-4A39-987C-102032162357}
		{14E27B48-88DB-4436-B6AC-28A92895F0F4} = {14E27B48-88DB-4436-B6AC-28A92895F0F4}
		{A2DF8730-57C0-438F-AAB9-3D6D5C9F18BE} = {A2DF8730-57C0-438F-AAB9-3D6D5C9F18BE}
	EndProjectSection
EndProject
Project("{A1B91736-6D38-4FDA-8D53-0CEA494CFB44}") = "game-mixer", ".dub/game-mixer.visualdproj", "{B76012EE-21EC-4D6A-BAB2-7ACA53EAD446}"
EndProject
Project("{A1B91736-6D38-4FDA-8D53-0CEA494CFB44}") = "audio-formats", ".dub/audio-formats.visualdproj", "{0CB6863E-8F21-474C-B528-72CCF1563638}"
EndProject
Project("{A1B91736-6D38-4FDA-8D53-0CEA494CFB44}") = "dplug:core", ".dub/dplug_core.visualdproj", "{6FDEB6AD-0ADA-4A39-987C-102032162357}"
EndProject
Project("{A1B91736-6D38-4FDA-8D53-0CEA494CFB44}") = "intel-intrinsics", ".dub/intel-intrinsics.visualdproj", "{14E27B48-88DB-4436-B6AC-28A92895F0F4}"
EndProject
Project("{A1B91736-6D38-4FDA-8D53-0CEA494CFB44}") = "libsoundio-d", ".dub/libsoundio-d.visualdproj", "{A2DF8730-57C0-438F-AAB9-3D6D5C9F18BE}"
EndProject
Global
	GlobalSection(SolutionConfigurationPlatforms) = preSolution
		debug|x64 = debug|x64
	EndGlobalSection
	GlobalSection(ProjectConfigurationPlatforms) = postSolution
		{B76012EE-21EC-4D6A-BAB2-7ACA53EAD446}.debug|x64.ActiveCfg = debug|x64
		{B76012EE-21EC-4D6A-BAB2-7ACA53EAD446}.debug|x64.Build.0 = debug|x64
		{0CB6863E-8F21-474C-B528-72CCF1563638}.debug|x64.ActiveCfg = debug|x64
		{0CB6863E-8F21-474C-B528-72CCF1563638}.debug|x64.Build.0 = debug|x64
		{14E27B48-88DB-4436-B6AC-28A92895F0F4}.debug|x64.ActiveCfg = debug|x64
		{14E27B48-88DB-4436-B6AC-28A92895F0F4}.debug|x64.Build.0 = debug|x64
		{6FDEB6AD-0ADA-4A39-987C-102032162357}.debug|x64.ActiveCfg = debug|x64
		{6FDEB6AD-0ADA-4A39-987C-102032162357}.debug|x64.Build.0 = debug|x64
		{A2DF8730-57C0-438F-AAB9-3D6D5C9F18BE}.debug|x64.ActiveCfg = debug|x64
		{A2DF8730-57C0-438F-AAB9-3D6D5C9F18BE}.debug|x64.Build.0 = debug|x64
		{A4F87FA0-C72F-4505-B653-17AB9CDFCE3D}.debug|x64.ActiveCfg = debug|x64
		{A4F87FA0-C72F-4505-B653-17AB9CDFCE3D}.debug|x64.Build.0 = debug|x64
	EndGlobalSection
	GlobalSection(SolutionProperties) = preSolution
		HideSolutionNode = FALSE
	EndGlobalSection
EndGlobal
