Microsoft Visual Studio Solution File, Format Version 11.00
# Visual Studio 2010
Project("{00A11497-8B0F-44DE-B3D0-8261B9228A3E}") = "test-resampling", ".dub/test-resampling.visualdproj", "{84B2FB2C-65B3-491D-A7FE-0B10D2412AAD}"
	ProjectSection(ProjectDependencies) = postProject
		{545AA0C6-6A9F-4018-B233-96B031E7B5F0} = {545AA0C6-6A9F-4018-B233-96B031E7B5F0}
		{CACA39E8-C3EF-467B-941B-92DEA33FF645} = {CACA39E8-C3EF-467B-941B-92DEA33FF645}
		{D7D0FE7C-0B9E-4DDD-98D3-219FC0E9DD56} = {D7D0FE7C-0B9E-4DDD-98D3-219FC0E9DD56}
		{D7D0FE7C-0B9E-4DDD-98D3-219FC0E9DD56} = {D7D0FE7C-0B9E-4DDD-98D3-219FC0E9DD56}
		{FF680B04-9D55-44D8-9048-F00B4E596BBD} = {FF680B04-9D55-44D8-9048-F00B4E596BBD}
		{7C1DE8FB-2B6E-41ED-B2CE-2F24CDFB968B} = {7C1DE8FB-2B6E-41ED-B2CE-2F24CDFB968B}
	EndProjectSection
EndProject
Project("{00A11497-8B0F-44DE-B3D0-8261B9228A3E}") = "game-mixer", ".dub/game-mixer.visualdproj", "{545AA0C6-6A9F-4018-B233-96B031E7B5F0}"
EndProject
Project("{00A11497-8B0F-44DE-B3D0-8261B9228A3E}") = "audio-formats", ".dub/audio-formats.visualdproj", "{CACA39E8-C3EF-467B-941B-92DEA33FF645}"
EndProject
Project("{00A11497-8B0F-44DE-B3D0-8261B9228A3E}") = "dplug:core", ".dub/dplug_core.visualdproj", "{D7D0FE7C-0B9E-4DDD-98D3-219FC0E9DD56}"
EndProject
Project("{00A11497-8B0F-44DE-B3D0-8261B9228A3E}") = "intel-intrinsics", ".dub/intel-intrinsics.visualdproj", "{FF680B04-9D55-44D8-9048-F00B4E596BBD}"
EndProject
Project("{00A11497-8B0F-44DE-B3D0-8261B9228A3E}") = "libsoundio-d", ".dub/libsoundio-d.visualdproj", "{7C1DE8FB-2B6E-41ED-B2CE-2F24CDFB968B}"
EndProject
Global
	GlobalSection(SolutionConfigurationPlatforms) = preSolution
		debug|x64 = debug|x64
	EndGlobalSection
	GlobalSection(ProjectConfigurationPlatforms) = postSolution
		{545AA0C6-6A9F-4018-B233-96B031E7B5F0}.debug|x64.ActiveCfg = debug|x64
		{545AA0C6-6A9F-4018-B233-96B031E7B5F0}.debug|x64.Build.0 = debug|x64
		{CACA39E8-C3EF-467B-941B-92DEA33FF645}.debug|x64.ActiveCfg = debug|x64
		{CACA39E8-C3EF-467B-941B-92DEA33FF645}.debug|x64.Build.0 = debug|x64
		{FF680B04-9D55-44D8-9048-F00B4E596BBD}.debug|x64.ActiveCfg = debug|x64
		{FF680B04-9D55-44D8-9048-F00B4E596BBD}.debug|x64.Build.0 = debug|x64
		{84B2FB2C-65B3-491D-A7FE-0B10D2412AAD}.debug|x64.ActiveCfg = debug|x64
		{84B2FB2C-65B3-491D-A7FE-0B10D2412AAD}.debug|x64.Build.0 = debug|x64
		{D7D0FE7C-0B9E-4DDD-98D3-219FC0E9DD56}.debug|x64.ActiveCfg = debug|x64
		{D7D0FE7C-0B9E-4DDD-98D3-219FC0E9DD56}.debug|x64.Build.0 = debug|x64
		{7C1DE8FB-2B6E-41ED-B2CE-2F24CDFB968B}.debug|x64.ActiveCfg = debug|x64
		{7C1DE8FB-2B6E-41ED-B2CE-2F24CDFB968B}.debug|x64.Build.0 = debug|x64
	EndGlobalSection
	GlobalSection(SolutionProperties) = preSolution
		HideSolutionNode = FALSE
	EndGlobalSection
EndGlobal
